
Microsoft Visual Studio Solution File, Format Version 12.00
# Visual Studio Version 16
VisualStudioVersion = 16.0.30204.135
MinimumVisualStudioVersion = 10.0.40219.1
Project("{FAE04EC0-301F-11D3-BF4B-00C04F79EFBC}") = "AES-CTR-KeyGeneration", "AES-CTR-KeyGeneration\AES-CTR-KeyGeneration.csproj", "{07A55FDC-22DF-49C4-845D-06AE6C66B0FD}"
EndProject
Global
	GlobalSection(SolutionConfigurationPlatforms) = preSolution
		Debug|Any CPU = Debug|Any CPU
		Release|Any CPU = Release|Any CPU
	EndGlobalSection
	GlobalSection(ProjectConfigurationPlatforms) = postSolution
		{07A55FDC-22DF-49C4-845D-06AE6C66B0FD}.Debug|Any CPU.ActiveCfg = Debug|Any CPU
		{07A55FDC-22DF-49C4-845D-06AE6C66B0FD}.Debug|Any CPU.Build.0 = Debug|Any CPU
		{07A55FDC-22DF-49C4-845D-06AE6C66B0FD}.Release|Any CPU.ActiveCfg = Release|Any CPU
		{07A55FDC-22DF-49C4-845D-06AE6C66B0FD}.Release|Any CPU.Build.0 = Release|Any CPU
	EndGlobalSection
	GlobalSection(SolutionProperties) = preSolution
		HideSolutionNode = FALSE
	EndGlobalSection
	GlobalSection(ExtensibilityGlobals) = postSolution
		SolutionGuid = {0DF3F26E-86E9-40A1-A4DF-21A6A99D6633}
	EndGlobalSection
EndGlobal
